
Microsoft Visual Studio Solution File, Format Version 12.00
# Visual Studio Version 16
VisualStudioVersion = 16.0.31424.327
MinimumVisualStudioVersion = 10.0.40219.1
Project("{9A19103F-16F7-4668-BE54-9A1E7A4F7556}") = "eShopSolution.WebApp", "eShopSolution.WebApp\eShopSolution.WebApp.csproj", "{6EFE1E03-3F1E-4489-94A6-0E3CDE89599F}"
EndProject
Project("{2150E333-8FDC-42A3-9474-1A3956D46DE8}") = "Solution Items", "Solution Items", "{74BC9036-3D4C-4110-A0B0-DAB9DAA78421}"
	ProjectSection(SolutionItems) = preProject
		README.md = README.md
	EndProjectSection
EndProject
Project("{FAE04EC0-301F-11D3-BF4B-00C04F79EFBC}") = "eShopSolution.Applocation", "eShopSolution.Applocation\eShopSolution.Applocation.csproj", "{174C2375-A1EB-4DA5-9131-097B2DCEAA89}"
EndProject
Project("{FAE04EC0-301F-11D3-BF4B-00C04F79EFBC}") = "eShopSolution.Data", "eShopSolution.Data\eShopSolution.Data.csproj", "{82658162-ABC8-491E-B69A-0951EF448FBC}"
EndProject
Global
	GlobalSection(SolutionConfigurationPlatforms) = preSolution
		Debug|Any CPU = Debug|Any CPU
		Release|Any CPU = Release|Any CPU
	EndGlobalSection
	GlobalSection(ProjectConfigurationPlatforms) = postSolution
		{6EFE1E03-3F1E-4489-94A6-0E3CDE89599F}.Debug|Any CPU.ActiveCfg = Debug|Any CPU
		{6EFE1E03-3F1E-4489-94A6-0E3CDE89599F}.Debug|Any CPU.Build.0 = Debug|Any CPU
		{6EFE1E03-3F1E-4489-94A6-0E3CDE89599F}.Release|Any CPU.ActiveCfg = Release|Any CPU
		{6EFE1E03-3F1E-4489-94A6-0E3CDE89599F}.Release|Any CPU.Build.0 = Release|Any CPU
		{174C2375-A1EB-4DA5-9131-097B2DCEAA89}.Debug|Any CPU.ActiveCfg = Debug|Any CPU
		{174C2375-A1EB-4DA5-9131-097B2DCEAA89}.Debug|Any CPU.Build.0 = Debug|Any CPU
		{174C2375-A1EB-4DA5-9131-097B2DCEAA89}.Release|Any CPU.ActiveCfg = Release|Any CPU
		{174C2375-A1EB-4DA5-9131-097B2DCEAA89}.Release|Any CPU.Build.0 = Release|Any CPU
		{82658162-ABC8-491E-B69A-0951EF448FBC}.Debug|Any CPU.ActiveCfg = Debug|Any CPU
		{82658162-ABC8-491E-B69A-0951EF448FBC}.Debug|Any CPU.Build.0 = Debug|Any CPU
		{82658162-ABC8-491E-B69A-0951EF448FBC}.Release|Any CPU.ActiveCfg = Release|Any CPU
		{82658162-ABC8-491E-B69A-0951EF448FBC}.Release|Any CPU.Build.0 = Release|Any CPU
	EndGlobalSection
	GlobalSection(SolutionProperties) = preSolution
		HideSolutionNode = FALSE
	EndGlobalSection
	GlobalSection(ExtensibilityGlobals) = postSolution
		SolutionGuid = {DA3ABFDF-D373-4EF4-A803-40F164449D64}
	EndGlobalSection
EndGlobal
